
Microsoft Visual Studio Solution File, Format Version 12.00
# Visual Studio 15
VisualStudioVersion = 15.0.26730.8
MinimumVisualStudioVersion = 10.0.40219.1
Project("{00D1A9C2-B5F0-4AF3-8072-F6C62B433612}") = "sql-clr_Translate_KZ", "sql-clr_Translate_KZ\sql-clr_Translate_KZ.sqlproj", "{2D7DF396-F54E-4260-A185-96BA9892FC7D}"
EndProject
Project("{FAE04EC0-301F-11D3-BF4B-00C04F79EFBC}") = "Translate_KZ_Test", "Translate_KZ_Test\Translate_KZ_Test.csproj", "{E5F53182-A755-498B-B630-BCE0FAFE78C3}"
EndProject
Project("{2150E333-8FDC-42A3-9474-1A3956D46DE8}") = "Dictionary", "Dictionary", "{50E35AA2-6F41-4E4C-A8AF-846DB49E95D3}"
	ProjectSection(SolutionItems) = preProject
		Dictionary\CyrillicQazaq.json = Dictionary\CyrillicQazaq.json
		Dictionary\QazaqAqparat.json = Dictionary\QazaqAqparat.json
		Dictionary\Test.json = Dictionary\Test.json
		Dictionary\Test2.json = Dictionary\Test2.json
	EndProjectSection
EndProject
Project("{FAE04EC0-301F-11D3-BF4B-00C04F79EFBC}") = "Translate_KZ", "Translate_KZ\Translate_KZ.csproj", "{237EEEDE-D99D-4893-B821-7B7F1CB4116A}"
EndProject
Global
	GlobalSection(SolutionConfigurationPlatforms) = preSolution
		Debug|Any CPU = Debug|Any CPU
		Release|Any CPU = Release|Any CPU
	EndGlobalSection
	GlobalSection(ProjectConfigurationPlatforms) = postSolution
		{2D7DF396-F54E-4260-A185-96BA9892FC7D}.Debug|Any CPU.ActiveCfg = Debug|Any CPU
		{2D7DF396-F54E-4260-A185-96BA9892FC7D}.Debug|Any CPU.Build.0 = Debug|Any CPU
		{2D7DF396-F54E-4260-A185-96BA9892FC7D}.Debug|Any CPU.Deploy.0 = Debug|Any CPU
		{2D7DF396-F54E-4260-A185-96BA9892FC7D}.Release|Any CPU.ActiveCfg = Release|Any CPU
		{2D7DF396-F54E-4260-A185-96BA9892FC7D}.Release|Any CPU.Build.0 = Release|Any CPU
		{2D7DF396-F54E-4260-A185-96BA9892FC7D}.Release|Any CPU.Deploy.0 = Release|Any CPU
		{E5F53182-A755-498B-B630-BCE0FAFE78C3}.Debug|Any CPU.ActiveCfg = Debug|Any CPU
		{E5F53182-A755-498B-B630-BCE0FAFE78C3}.Debug|Any CPU.Build.0 = Debug|Any CPU
		{E5F53182-A755-498B-B630-BCE0FAFE78C3}.Release|Any CPU.ActiveCfg = Release|Any CPU
		{E5F53182-A755-498B-B630-BCE0FAFE78C3}.Release|Any CPU.Build.0 = Release|Any CPU
		{237EEEDE-D99D-4893-B821-7B7F1CB4116A}.Debug|Any CPU.ActiveCfg = Debug|Any CPU
		{237EEEDE-D99D-4893-B821-7B7F1CB4116A}.Debug|Any CPU.Build.0 = Debug|Any CPU
		{237EEEDE-D99D-4893-B821-7B7F1CB4116A}.Release|Any CPU.ActiveCfg = Release|Any CPU
		{237EEEDE-D99D-4893-B821-7B7F1CB4116A}.Release|Any CPU.Build.0 = Release|Any CPU
	EndGlobalSection
	GlobalSection(SolutionProperties) = preSolution
		HideSolutionNode = FALSE
	EndGlobalSection
	GlobalSection(ExtensibilityGlobals) = postSolution
		SolutionGuid = {E9A33E72-91B4-489D-8071-B679CA305851}
	EndGlobalSection
EndGlobal
